// !$*UTF8*$!
{
	archiveVersion = 1;
	classes = {
	};
	objectVersion = 56;
	objects = {

/* Begin PBXBuildFile section */
		F551745E2AC6299E00086601 /* p2prApp.swift in Sources */ = {isa = PBXBuildFile; fileRef = F551745D2AC6299E00086601 /* p2prApp.swift */; };
		F55174602AC6299E00086601 /* ContentView.swift in Sources */ = {isa = PBXBuildFile; fileRef = F551745F2AC6299E00086601 /* ContentView.swift */; };
		F55174622AC6299E00086601 /* Item.swift in Sources */ = {isa = PBXBuildFile; fileRef = F55174612AC6299E00086601 /* Item.swift */; };
		F55174642AC6299F00086601 /* Assets.xcassets in Resources */ = {isa = PBXBuildFile; fileRef = F55174632AC6299F00086601 /* Assets.xcassets */; };
		F55174672AC6299F00086601 /* Preview Assets.xcassets in Resources */ = {isa = PBXBuildFile; fileRef = F55174662AC6299F00086601 /* Preview Assets.xcassets */; };
		F55174712AC6299F00086601 /* p2prTests.swift in Sources */ = {isa = PBXBuildFile; fileRef = F55174702AC6299F00086601 /* p2prTests.swift */; };
		F551747B2AC6299F00086601 /* p2prUITests.swift in Sources */ = {isa = PBXBuildFile; fileRef = F551747A2AC6299F00086601 /* p2prUITests.swift */; };
		F551747D2AC6299F00086601 /* p2prUITestsLaunchTests.swift in Sources */ = {isa = PBXBuildFile; fileRef = F551747C2AC6299F00086601 /* p2prUITestsLaunchTests.swift */; };
		F551748F2AC62C6300086601 /* BuyerView.swift in Sources */ = {isa = PBXBuildFile; fileRef = F551748E2AC62C6300086601 /* BuyerView.swift */; };
		F55944C32AE2D73300BE5E29 /* Constants.swift in Sources */ = {isa = PBXBuildFile; fileRef = F55944C22AE2D73300BE5E29 /* Constants.swift */; };
		F55944C52AE2E3DD00BE5E29 /* Localizable.xcstrings in Resources */ = {isa = PBXBuildFile; fileRef = F55944C42AE2E3DD00BE5E29 /* Localizable.xcstrings */; };
		F55B73D32AD5B22E00D0C73C /* UIExtension.swift in Sources */ = {isa = PBXBuildFile; fileRef = F55B73D22AD5B22E00D0C73C /* UIExtension.swift */; };
		F55B73D52AD5E77700D0C73C /* CheckoutWebView.swift in Sources */ = {isa = PBXBuildFile; fileRef = F55B73D42AD5E77700D0C73C /* CheckoutWebView.swift */; };
		F55B73D72AD5EDAE00D0C73C /* ReceiptView.swift in Sources */ = {isa = PBXBuildFile; fileRef = F55B73D62AD5EDAE00D0C73C /* ReceiptView.swift */; };
		F55B73DB2AD5F09800D0C73C /* HistoryView.swift in Sources */ = {isa = PBXBuildFile; fileRef = F55B73DA2AD5F09800D0C73C /* HistoryView.swift */; };
		F55B73DD2AD6102500D0C73C /* CheckoutInformationResponse.swift in Sources */ = {isa = PBXBuildFile; fileRef = F55B73DC2AD6102400D0C73C /* CheckoutInformationResponse.swift */; };
		F55B73DF2AD654B900D0C73C /* ReceiptViewModel.swift in Sources */ = {isa = PBXBuildFile; fileRef = F55B73DE2AD654B900D0C73C /* ReceiptViewModel.swift */; };
		F55B73E12AD70CA900D0C73C /* CheckoutPaymentInformation.swift in Sources */ = {isa = PBXBuildFile; fileRef = F55B73E02AD70CA900D0C73C /* CheckoutPaymentInformation.swift */; };
		F5664CFD2ACF1C6E00BF3DCF /* CheckoutAddress.swift in Sources */ = {isa = PBXBuildFile; fileRef = F5664CFC2ACF1C6E00BF3DCF /* CheckoutAddress.swift */; };
		F5664CFF2ACF1CB700BF3DCF /* CheckoutAmount.swift in Sources */ = {isa = PBXBuildFile; fileRef = F5664CFE2ACF1CB700BF3DCF /* CheckoutAmount.swift */; };
		F5664D012ACF1D0A00BF3DCF /* CheckoutTaxes.swift in Sources */ = {isa = PBXBuildFile; fileRef = F5664D002ACF1D0A00BF3DCF /* CheckoutTaxes.swift */; };
		F5664D032ACF1D4700BF3DCF /* CheckoutDetail.swift in Sources */ = {isa = PBXBuildFile; fileRef = F5664D022ACF1D4700BF3DCF /* CheckoutDetail.swift */; };
		F5664D052ACF1F6700BF3DCF /* CheckoutBuyer.swift in Sources */ = {isa = PBXBuildFile; fileRef = F5664D042ACF1F6700BF3DCF /* CheckoutBuyer.swift */; };
		F5664D072ACF1FBB00BF3DCF /* CheckoutField.swift in Sources */ = {isa = PBXBuildFile; fileRef = F5664D062ACF1FBB00BF3DCF /* CheckoutField.swift */; };
		F5664D092ACF1FF800BF3DCF /* CheckoutItem.swift in Sources */ = {isa = PBXBuildFile; fileRef = F5664D082ACF1FF800BF3DCF /* CheckoutItem.swift */; };
		F5664D0B2ACF213900BF3DCF /* CheckoutPayment.swift in Sources */ = {isa = PBXBuildFile; fileRef = F5664D0A2ACF213900BF3DCF /* CheckoutPayment.swift */; };
		F5664D0D2ACF220D00BF3DCF /* CheckoutRecurringRemove.swift in Sources */ = {isa = PBXBuildFile; fileRef = F5664D0C2ACF220D00BF3DCF /* CheckoutRecurringRemove.swift */; };
		F5664D0F2ACF225C00BF3DCF /* CheckoutShipping.swift in Sources */ = {isa = PBXBuildFile; fileRef = F5664D0E2ACF225C00BF3DCF /* CheckoutShipping.swift */; };
		F5664D112ACF26A000BF3DCF /* CheckoutStatus.swift in Sources */ = {isa = PBXBuildFile; fileRef = F5664D102ACF26A000BF3DCF /* CheckoutStatus.swift */; };
		F5664D132ACF26E800BF3DCF /* CheckoutAuth.swift in Sources */ = {isa = PBXBuildFile; fileRef = F5664D122ACF26E800BF3DCF /* CheckoutAuth.swift */; };
		F5664D152ACF59F900BF3DCF /* CheckoutInformationRequest.swift in Sources */ = {isa = PBXBuildFile; fileRef = F5664D142ACF59F900BF3DCF /* CheckoutInformationRequest.swift */; };
		F5664D172ACF5A2900BF3DCF /* CheckoutPaymentRequest.swift in Sources */ = {isa = PBXBuildFile; fileRef = F5664D162ACF5A2900BF3DCF /* CheckoutPaymentRequest.swift */; };
		F5664D192ACF5BD600BF3DCF /* Detail.swift in Sources */ = {isa = PBXBuildFile; fileRef = F5664D182ACF5BD600BF3DCF /* Detail.swift */; };
		F5664D1B2ACF5C3700BF3DCF /* Taxes.swift in Sources */ = {isa = PBXBuildFile; fileRef = F5664D1A2ACF5C3700BF3DCF /* Taxes.swift */; };
		F5664D1D2ACF717500BF3DCF /* SplashScreenView.swift in Sources */ = {isa = PBXBuildFile; fileRef = F5664D1C2ACF717500BF3DCF /* SplashScreenView.swift */; };
		F5664D2D2ACF7E5400BF3DCF /* red_hat_display_medium.ttf in Resources */ = {isa = PBXBuildFile; fileRef = F5664D1F2ACF7E5400BF3DCF /* red_hat_display_medium.ttf */; };
		F5664D2E2ACF7E5400BF3DCF /* red_hat_display_boldItalic.ttf in Resources */ = {isa = PBXBuildFile; fileRef = F5664D202ACF7E5400BF3DCF /* red_hat_display_boldItalic.ttf */; };
		F5664D2F2ACF7E5400BF3DCF /* red_hat_display_Italic.ttf in Resources */ = {isa = PBXBuildFile; fileRef = F5664D212ACF7E5400BF3DCF /* red_hat_display_Italic.ttf */; };
		F5664D302ACF7E5400BF3DCF /* red_hat_display_lightItalic.ttf in Resources */ = {isa = PBXBuildFile; fileRef = F5664D222ACF7E5400BF3DCF /* red_hat_display_lightItalic.ttf */; };
		F5664D312ACF7E5400BF3DCF /* red_hat_display_regular.ttf in Resources */ = {isa = PBXBuildFile; fileRef = F5664D232ACF7E5400BF3DCF /* red_hat_display_regular.ttf */; };
		F5664D322ACF7E5400BF3DCF /* red_hat_display_bold.ttf in Resources */ = {isa = PBXBuildFile; fileRef = F5664D242ACF7E5400BF3DCF /* red_hat_display_bold.ttf */; };
		F5664D332ACF7E5400BF3DCF /* red_hat_display_black.ttf in Resources */ = {isa = PBXBuildFile; fileRef = F5664D252ACF7E5400BF3DCF /* red_hat_display_black.ttf */; };
		F5664D342ACF7E5400BF3DCF /* red_hat_display_semiBoldItalic.ttf in Resources */ = {isa = PBXBuildFile; fileRef = F5664D262ACF7E5400BF3DCF /* red_hat_display_semiBoldItalic.ttf */; };
		F5664D352ACF7E5400BF3DCF /* red_hat_display_extraBoldItalic.ttf in Resources */ = {isa = PBXBuildFile; fileRef = F5664D272ACF7E5400BF3DCF /* red_hat_display_extraBoldItalic.ttf */; };
		F5664D362ACF7E5400BF3DCF /* red_hat_display_semiBold.ttf in Resources */ = {isa = PBXBuildFile; fileRef = F5664D282ACF7E5400BF3DCF /* red_hat_display_semiBold.ttf */; };
		F5664D372ACF7E5400BF3DCF /* red_hat_display_extraBold.ttf in Resources */ = {isa = PBXBuildFile; fileRef = F5664D292ACF7E5400BF3DCF /* red_hat_display_extraBold.ttf */; };
		F5664D382ACF7E5400BF3DCF /* red_hat_display_mediumItalic.ttf in Resources */ = {isa = PBXBuildFile; fileRef = F5664D2A2ACF7E5400BF3DCF /* red_hat_display_mediumItalic.ttf */; };
		F5664D392ACF7E5400BF3DCF /* red_hat_display_light.ttf in Resources */ = {isa = PBXBuildFile; fileRef = F5664D2B2ACF7E5400BF3DCF /* red_hat_display_light.ttf */; };
		F5664D3A2ACF7E5400BF3DCF /* red_hat_display_blackItalic.ttf in Resources */ = {isa = PBXBuildFile; fileRef = F5664D2C2ACF7E5400BF3DCF /* red_hat_display_blackItalic.ttf */; };
		F5664D3E2AD056D500BF3DCF /* Buyer.swift in Sources */ = {isa = PBXBuildFile; fileRef = F5664D3D2AD056D500BF3DCF /* Buyer.swift */; };
		F5664D402AD06C4400BF3DCF /* ConfirmationView.swift in Sources */ = {isa = PBXBuildFile; fileRef = F5664D3F2AD06C4400BF3DCF /* ConfirmationView.swift */; };
		F5664D422AD0817600BF3DCF /* ItemListView.swift in Sources */ = {isa = PBXBuildFile; fileRef = F5664D412AD0817600BF3DCF /* ItemListView.swift */; };
		F5664D442AD0CF7300BF3DCF /* UIDevice.swift in Sources */ = {isa = PBXBuildFile; fileRef = F5664D432AD0CF7300BF3DCF /* UIDevice.swift */; };
		F5664D462AD0D25F00BF3DCF /* CheckoutRepository.swift in Sources */ = {isa = PBXBuildFile; fileRef = F5664D452AD0D25F00BF3DCF /* CheckoutRepository.swift */; };
		F5664D482AD0D2D800BF3DCF /* History.swift in Sources */ = {isa = PBXBuildFile; fileRef = F5664D472AD0D2D800BF3DCF /* History.swift */; };
		F5664D4A2AD0D42300BF3DCF /* CheckoutPaymentResponse.swift in Sources */ = {isa = PBXBuildFile; fileRef = F5664D492AD0D42300BF3DCF /* CheckoutPaymentResponse.swift */; };
		F57E66732AD4499C009DC4D6 /* ErrorCheckout.swift in Sources */ = {isa = PBXBuildFile; fileRef = F57E66722AD4499C009DC4D6 /* ErrorCheckout.swift */; };
		F58511202ACDF9AC00416195 /* ConfirmationViewModel.swift in Sources */ = {isa = PBXBuildFile; fileRef = F585111F2ACDF9AC00416195 /* ConfirmationViewModel.swift */; };
		F59325D72ACD175700C011EB /* ResultError.swift in Sources */ = {isa = PBXBuildFile; fileRef = F59325D62ACD175700C011EB /* ResultError.swift */; };
		F59325DA2ACD191B00C011EB /* Result.swift in Sources */ = {isa = PBXBuildFile; fileRef = F59325D92ACD191B00C011EB /* Result.swift */; };
		F59325DE2ACD199700C011EB /* RequestManager.swift in Sources */ = {isa = PBXBuildFile; fileRef = F59325DD2ACD199700C011EB /* RequestManager.swift */; };
		F5A2DC862ACB6F8F00D1BEE3 /* WelcomePackage.swift in Sources */ = {isa = PBXBuildFile; fileRef = F5A2DC852ACB6F8F00D1BEE3 /* WelcomePackage.swift */; };
/* End PBXBuildFile section */

/* Begin PBXContainerItemProxy section */
		F551746D2AC6299F00086601 /* PBXContainerItemProxy */ = {
			isa = PBXContainerItemProxy;
			containerPortal = F55174522AC6299D00086601 /* Project object */;
			proxyType = 1;
			remoteGlobalIDString = F55174592AC6299E00086601;
			remoteInfo = p2pr;
		};
		F55174772AC6299F00086601 /* PBXContainerItemProxy */ = {
			isa = PBXContainerItemProxy;
			containerPortal = F55174522AC6299D00086601 /* Project object */;
			proxyType = 1;
			remoteGlobalIDString = F55174592AC6299E00086601;
			remoteInfo = p2pr;
		};
/* End PBXContainerItemProxy section */

/* Begin PBXFileReference section */
		F551745A2AC6299E00086601 /* p2pr.app */ = {isa = PBXFileReference; explicitFileType = wrapper.application; includeInIndex = 0; path = p2pr.app; sourceTree = BUILT_PRODUCTS_DIR; };
		F551745D2AC6299E00086601 /* p2prApp.swift */ = {isa = PBXFileReference; lastKnownFileType = sourcecode.swift; path = p2prApp.swift; sourceTree = "<group>"; };
		F551745F2AC6299E00086601 /* ContentView.swift */ = {isa = PBXFileReference; lastKnownFileType = sourcecode.swift; path = ContentView.swift; sourceTree = "<group>"; };
		F55174612AC6299E00086601 /* Item.swift */ = {isa = PBXFileReference; lastKnownFileType = sourcecode.swift; path = Item.swift; sourceTree = "<group>"; };
		F55174632AC6299F00086601 /* Assets.xcassets */ = {isa = PBXFileReference; lastKnownFileType = folder.assetcatalog; path = Assets.xcassets; sourceTree = "<group>"; };
		F55174662AC6299F00086601 /* Preview Assets.xcassets */ = {isa = PBXFileReference; lastKnownFileType = folder.assetcatalog; path = "Preview Assets.xcassets"; sourceTree = "<group>"; };
		F551746C2AC6299F00086601 /* p2prTests.xctest */ = {isa = PBXFileReference; explicitFileType = wrapper.cfbundle; includeInIndex = 0; path = p2prTests.xctest; sourceTree = BUILT_PRODUCTS_DIR; };
		F55174702AC6299F00086601 /* p2prTests.swift */ = {isa = PBXFileReference; lastKnownFileType = sourcecode.swift; path = p2prTests.swift; sourceTree = "<group>"; };
		F55174762AC6299F00086601 /* p2prUITests.xctest */ = {isa = PBXFileReference; explicitFileType = wrapper.cfbundle; includeInIndex = 0; path = p2prUITests.xctest; sourceTree = BUILT_PRODUCTS_DIR; };
		F551747A2AC6299F00086601 /* p2prUITests.swift */ = {isa = PBXFileReference; lastKnownFileType = sourcecode.swift; path = p2prUITests.swift; sourceTree = "<group>"; };
		F551747C2AC6299F00086601 /* p2prUITestsLaunchTests.swift */ = {isa = PBXFileReference; lastKnownFileType = sourcecode.swift; path = p2prUITestsLaunchTests.swift; sourceTree = "<group>"; };
		F551748E2AC62C6300086601 /* BuyerView.swift */ = {isa = PBXFileReference; lastKnownFileType = sourcecode.swift; path = BuyerView.swift; sourceTree = "<group>"; };
		F55944C22AE2D73300BE5E29 /* Constants.swift */ = {isa = PBXFileReference; lastKnownFileType = sourcecode.swift; path = Constants.swift; sourceTree = "<group>"; };
		F55944C42AE2E3DD00BE5E29 /* Localizable.xcstrings */ = {isa = PBXFileReference; lastKnownFileType = text.json.xcstrings; path = Localizable.xcstrings; sourceTree = "<group>"; };
		F55944C62AE31DC600BE5E29 /* .gitignore */ = {isa = PBXFileReference; lastKnownFileType = text; path = .gitignore; sourceTree = "<group>"; };
		F55B73D22AD5B22E00D0C73C /* UIExtension.swift */ = {isa = PBXFileReference; lastKnownFileType = sourcecode.swift; path = UIExtension.swift; sourceTree = "<group>"; };
		F55B73D42AD5E77700D0C73C /* CheckoutWebView.swift */ = {isa = PBXFileReference; lastKnownFileType = sourcecode.swift; path = CheckoutWebView.swift; sourceTree = "<group>"; };
		F55B73D62AD5EDAE00D0C73C /* ReceiptView.swift */ = {isa = PBXFileReference; lastKnownFileType = sourcecode.swift; path = ReceiptView.swift; sourceTree = "<group>"; };
		F55B73DA2AD5F09800D0C73C /* HistoryView.swift */ = {isa = PBXFileReference; lastKnownFileType = sourcecode.swift; path = HistoryView.swift; sourceTree = "<group>"; };
		F55B73DC2AD6102400D0C73C /* CheckoutInformationResponse.swift */ = {isa = PBXFileReference; lastKnownFileType = sourcecode.swift; path = CheckoutInformationResponse.swift; sourceTree = "<group>"; };
		F55B73DE2AD654B900D0C73C /* ReceiptViewModel.swift */ = {isa = PBXFileReference; lastKnownFileType = sourcecode.swift; path = ReceiptViewModel.swift; sourceTree = "<group>"; };
		F55B73E02AD70CA900D0C73C /* CheckoutPaymentInformation.swift */ = {isa = PBXFileReference; lastKnownFileType = sourcecode.swift; path = CheckoutPaymentInformation.swift; sourceTree = "<group>"; };
		F5664CFC2ACF1C6E00BF3DCF /* CheckoutAddress.swift */ = {isa = PBXFileReference; lastKnownFileType = sourcecode.swift; path = CheckoutAddress.swift; sourceTree = "<group>"; };
		F5664CFE2ACF1CB700BF3DCF /* CheckoutAmount.swift */ = {isa = PBXFileReference; lastKnownFileType = sourcecode.swift; path = CheckoutAmount.swift; sourceTree = "<group>"; };
		F5664D002ACF1D0A00BF3DCF /* CheckoutTaxes.swift */ = {isa = PBXFileReference; lastKnownFileType = sourcecode.swift; path = CheckoutTaxes.swift; sourceTree = "<group>"; };
		F5664D022ACF1D4700BF3DCF /* CheckoutDetail.swift */ = {isa = PBXFileReference; lastKnownFileType = sourcecode.swift; path = CheckoutDetail.swift; sourceTree = "<group>"; };
		F5664D042ACF1F6700BF3DCF /* CheckoutBuyer.swift */ = {isa = PBXFileReference; lastKnownFileType = sourcecode.swift; path = CheckoutBuyer.swift; sourceTree = "<group>"; };
		F5664D062ACF1FBB00BF3DCF /* CheckoutField.swift */ = {isa = PBXFileReference; lastKnownFileType = sourcecode.swift; path = CheckoutField.swift; sourceTree = "<group>"; };
		F5664D082ACF1FF800BF3DCF /* CheckoutItem.swift */ = {isa = PBXFileReference; lastKnownFileType = sourcecode.swift; path = CheckoutItem.swift; sourceTree = "<group>"; };
		F5664D0A2ACF213900BF3DCF /* CheckoutPayment.swift */ = {isa = PBXFileReference; lastKnownFileType = sourcecode.swift; path = CheckoutPayment.swift; sourceTree = "<group>"; };
		F5664D0C2ACF220D00BF3DCF /* CheckoutRecurringRemove.swift */ = {isa = PBXFileReference; lastKnownFileType = sourcecode.swift; path = CheckoutRecurringRemove.swift; sourceTree = "<group>"; };
		F5664D0E2ACF225C00BF3DCF /* CheckoutShipping.swift */ = {isa = PBXFileReference; lastKnownFileType = sourcecode.swift; path = CheckoutShipping.swift; sourceTree = "<group>"; };
		F5664D102ACF26A000BF3DCF /* CheckoutStatus.swift */ = {isa = PBXFileReference; lastKnownFileType = sourcecode.swift; path = CheckoutStatus.swift; sourceTree = "<group>"; };
		F5664D122ACF26E800BF3DCF /* CheckoutAuth.swift */ = {isa = PBXFileReference; lastKnownFileType = sourcecode.swift; path = CheckoutAuth.swift; sourceTree = "<group>"; };
		F5664D142ACF59F900BF3DCF /* CheckoutInformationRequest.swift */ = {isa = PBXFileReference; lastKnownFileType = sourcecode.swift; path = CheckoutInformationRequest.swift; sourceTree = "<group>"; };
		F5664D162ACF5A2900BF3DCF /* CheckoutPaymentRequest.swift */ = {isa = PBXFileReference; lastKnownFileType = sourcecode.swift; path = CheckoutPaymentRequest.swift; sourceTree = "<group>"; };
		F5664D182ACF5BD600BF3DCF /* Detail.swift */ = {isa = PBXFileReference; lastKnownFileType = sourcecode.swift; path = Detail.swift; sourceTree = "<group>"; };
		F5664D1A2ACF5C3700BF3DCF /* Taxes.swift */ = {isa = PBXFileReference; lastKnownFileType = sourcecode.swift; path = Taxes.swift; sourceTree = "<group>"; };
		F5664D1C2ACF717500BF3DCF /* SplashScreenView.swift */ = {isa = PBXFileReference; lastKnownFileType = sourcecode.swift; path = SplashScreenView.swift; sourceTree = "<group>"; };
		F5664D1F2ACF7E5400BF3DCF /* red_hat_display_medium.ttf */ = {isa = PBXFileReference; lastKnownFileType = file; path = red_hat_display_medium.ttf; sourceTree = "<group>"; };
		F5664D202ACF7E5400BF3DCF /* red_hat_display_boldItalic.ttf */ = {isa = PBXFileReference; lastKnownFileType = file; path = red_hat_display_boldItalic.ttf; sourceTree = "<group>"; };
		F5664D212ACF7E5400BF3DCF /* red_hat_display_Italic.ttf */ = {isa = PBXFileReference; lastKnownFileType = file; path = red_hat_display_Italic.ttf; sourceTree = "<group>"; };
		F5664D222ACF7E5400BF3DCF /* red_hat_display_lightItalic.ttf */ = {isa = PBXFileReference; lastKnownFileType = file; path = red_hat_display_lightItalic.ttf; sourceTree = "<group>"; };
		F5664D232ACF7E5400BF3DCF /* red_hat_display_regular.ttf */ = {isa = PBXFileReference; lastKnownFileType = file; path = red_hat_display_regular.ttf; sourceTree = "<group>"; };
		F5664D242ACF7E5400BF3DCF /* red_hat_display_bold.ttf */ = {isa = PBXFileReference; lastKnownFileType = file; path = red_hat_display_bold.ttf; sourceTree = "<group>"; };
		F5664D252ACF7E5400BF3DCF /* red_hat_display_black.ttf */ = {isa = PBXFileReference; lastKnownFileType = file; path = red_hat_display_black.ttf; sourceTree = "<group>"; };
		F5664D262ACF7E5400BF3DCF /* red_hat_display_semiBoldItalic.ttf */ = {isa = PBXFileReference; lastKnownFileType = file; path = red_hat_display_semiBoldItalic.ttf; sourceTree = "<group>"; };
		F5664D272ACF7E5400BF3DCF /* red_hat_display_extraBoldItalic.ttf */ = {isa = PBXFileReference; lastKnownFileType = file; path = red_hat_display_extraBoldItalic.ttf; sourceTree = "<group>"; };
		F5664D282ACF7E5400BF3DCF /* red_hat_display_semiBold.ttf */ = {isa = PBXFileReference; lastKnownFileType = file; path = red_hat_display_semiBold.ttf; sourceTree = "<group>"; };
		F5664D292ACF7E5400BF3DCF /* red_hat_display_extraBold.ttf */ = {isa = PBXFileReference; lastKnownFileType = file; path = red_hat_display_extraBold.ttf; sourceTree = "<group>"; };
		F5664D2A2ACF7E5400BF3DCF /* red_hat_display_mediumItalic.ttf */ = {isa = PBXFileReference; lastKnownFileType = file; path = red_hat_display_mediumItalic.ttf; sourceTree = "<group>"; };
		F5664D2B2ACF7E5400BF3DCF /* red_hat_display_light.ttf */ = {isa = PBXFileReference; lastKnownFileType = file; path = red_hat_display_light.ttf; sourceTree = "<group>"; };
		F5664D2C2ACF7E5400BF3DCF /* red_hat_display_blackItalic.ttf */ = {isa = PBXFileReference; lastKnownFileType = file; path = red_hat_display_blackItalic.ttf; sourceTree = "<group>"; };
		F5664D3D2AD056D500BF3DCF /* Buyer.swift */ = {isa = PBXFileReference; lastKnownFileType = sourcecode.swift; path = Buyer.swift; sourceTree = "<group>"; };
		F5664D3F2AD06C4400BF3DCF /* ConfirmationView.swift */ = {isa = PBXFileReference; lastKnownFileType = sourcecode.swift; path = ConfirmationView.swift; sourceTree = "<group>"; };
		F5664D412AD0817600BF3DCF /* ItemListView.swift */ = {isa = PBXFileReference; lastKnownFileType = sourcecode.swift; path = ItemListView.swift; sourceTree = "<group>"; };
		F5664D432AD0CF7300BF3DCF /* UIDevice.swift */ = {isa = PBXFileReference; lastKnownFileType = sourcecode.swift; path = UIDevice.swift; sourceTree = "<group>"; };
		F5664D452AD0D25F00BF3DCF /* CheckoutRepository.swift */ = {isa = PBXFileReference; lastKnownFileType = sourcecode.swift; path = CheckoutRepository.swift; sourceTree = "<group>"; };
		F5664D472AD0D2D800BF3DCF /* History.swift */ = {isa = PBXFileReference; lastKnownFileType = sourcecode.swift; path = History.swift; sourceTree = "<group>"; };
		F5664D492AD0D42300BF3DCF /* CheckoutPaymentResponse.swift */ = {isa = PBXFileReference; lastKnownFileType = sourcecode.swift; path = CheckoutPaymentResponse.swift; sourceTree = "<group>"; };
		F57E66722AD4499C009DC4D6 /* ErrorCheckout.swift */ = {isa = PBXFileReference; lastKnownFileType = sourcecode.swift; path = ErrorCheckout.swift; sourceTree = "<group>"; };
		F585111F2ACDF9AC00416195 /* ConfirmationViewModel.swift */ = {isa = PBXFileReference; lastKnownFileType = sourcecode.swift; path = ConfirmationViewModel.swift; sourceTree = "<group>"; };
		F59325D62ACD175700C011EB /* ResultError.swift */ = {isa = PBXFileReference; lastKnownFileType = sourcecode.swift; path = ResultError.swift; sourceTree = "<group>"; };
		F59325D92ACD191B00C011EB /* Result.swift */ = {isa = PBXFileReference; lastKnownFileType = sourcecode.swift; path = Result.swift; sourceTree = "<group>"; };
		F59325DD2ACD199700C011EB /* RequestManager.swift */ = {isa = PBXFileReference; lastKnownFileType = sourcecode.swift; path = RequestManager.swift; sourceTree = "<group>"; };
		F5A2DC852ACB6F8F00D1BEE3 /* WelcomePackage.swift */ = {isa = PBXFileReference; lastKnownFileType = sourcecode.swift; path = WelcomePackage.swift; sourceTree = "<group>"; };
/* End PBXFileReference section */

/* Begin PBXFrameworksBuildPhase section */
		F55174572AC6299E00086601 /* Frameworks */ = {
			isa = PBXFrameworksBuildPhase;
			buildActionMask = 2147483647;
			files = (
			);
			runOnlyForDeploymentPostprocessing = 0;
		};
		F55174692AC6299F00086601 /* Frameworks */ = {
			isa = PBXFrameworksBuildPhase;
			buildActionMask = 2147483647;
			files = (
			);
			runOnlyForDeploymentPostprocessing = 0;
		};
		F55174732AC6299F00086601 /* Frameworks */ = {
			isa = PBXFrameworksBuildPhase;
			buildActionMask = 2147483647;
			files = (
			);
			runOnlyForDeploymentPostprocessing = 0;
		};
/* End PBXFrameworksBuildPhase section */

/* Begin PBXGroup section */
		F55174512AC6299D00086601 = {
			isa = PBXGroup;
			children = (
				F55944C62AE31DC600BE5E29 /* .gitignore */,
				F55944C42AE2E3DD00BE5E29 /* Localizable.xcstrings */,
				F551745C2AC6299E00086601 /* p2pr */,
				F551746F2AC6299F00086601 /* p2prTests */,
				F55174792AC6299F00086601 /* p2prUITests */,
				F551745B2AC6299E00086601 /* Products */,
			);
			sourceTree = "<group>";
		};
		F551745B2AC6299E00086601 /* Products */ = {
			isa = PBXGroup;
			children = (
				F551745A2AC6299E00086601 /* p2pr.app */,
				F551746C2AC6299F00086601 /* p2prTests.xctest */,
				F55174762AC6299F00086601 /* p2prUITests.xctest */,
			);
			name = Products;
			sourceTree = "<group>";
		};
		F551745C2AC6299E00086601 /* p2pr */ = {
			isa = PBXGroup;
			children = (
				F5664D1E2ACF7E0C00BF3DCF /* Fonts */,
				F59325E42ACD276B00C011EB /* Services */,
				F59325E32ACD26FD00C011EB /* Models */,
				F59325E22ACD26E700C011EB /* Helpers */,
				F59325E12ACD26D700C011EB /* Repositories */,
				F59325E02ACD26D000C011EB /* ViewModels */,
				F59325DF2ACD26BF00C011EB /* Views */,
				F551745D2AC6299E00086601 /* p2prApp.swift */,
				F55174632AC6299F00086601 /* Assets.xcassets */,
				F55174652AC6299F00086601 /* Preview Content */,
			);
			path = p2pr;
			sourceTree = "<group>";
		};
		F55174652AC6299F00086601 /* Preview Content */ = {
			isa = PBXGroup;
			children = (
				F55174662AC6299F00086601 /* Preview Assets.xcassets */,
			);
			path = "Preview Content";
			sourceTree = "<group>";
		};
		F551746F2AC6299F00086601 /* p2prTests */ = {
			isa = PBXGroup;
			children = (
				F55174702AC6299F00086601 /* p2prTests.swift */,
			);
			path = p2prTests;
			sourceTree = "<group>";
		};
		F55174792AC6299F00086601 /* p2prUITests */ = {
			isa = PBXGroup;
			children = (
				F551747A2AC6299F00086601 /* p2prUITests.swift */,
				F551747C2AC6299F00086601 /* p2prUITestsLaunchTests.swift */,
			);
			path = p2prUITests;
			sourceTree = "<group>";
		};
		F55174892AC62BAA00086601 /* Home */ = {
			isa = PBXGroup;
			children = (
				F551745F2AC6299E00086601 /* ContentView.swift */,
			);
			path = Home;
			sourceTree = "<group>";
		};
		F551748A2AC62BB800086601 /* Buyer */ = {
			isa = PBXGroup;
			children = (
				F551748E2AC62C6300086601 /* BuyerView.swift */,
			);
			path = Buyer;
			sourceTree = "<group>";
		};
		F551748B2AC62BCC00086601 /* Confirmation */ = {
			isa = PBXGroup;
			children = (
				F5664D3F2AD06C4400BF3DCF /* ConfirmationView.swift */,
			);
			path = Confirmation;
			sourceTree = "<group>";
		};
		F551748C2AC62BD700086601 /* Checkout */ = {
			isa = PBXGroup;
			children = (
				F55B73D42AD5E77700D0C73C /* CheckoutWebView.swift */,
			);
			path = Checkout;
			sourceTree = "<group>";
		};
		F551748D2AC62BE100086601 /* Receipt */ = {
			isa = PBXGroup;
			children = (
				F55B73D62AD5EDAE00D0C73C /* ReceiptView.swift */,
			);
			path = Receipt;
			sourceTree = "<group>";
		};
		F55174932AC72F7100086601 /* Splash */ = {
			isa = PBXGroup;
			children = (
				F5664D1C2ACF717500BF3DCF /* SplashScreenView.swift */,
			);
			path = Splash;
			sourceTree = "<group>";
		};
		F55B73D92AD5F08700D0C73C /* History */ = {
			isa = PBXGroup;
			children = (
				F55B73DA2AD5F09800D0C73C /* HistoryView.swift */,
			);
			path = History;
			sourceTree = "<group>";
		};
		F5664CF92ACF1C3D00BF3DCF /* Checkout */ = {
			isa = PBXGroup;
			children = (
				F5664CFB2ACF1C4E00BF3DCF /* Payment */,
				F5664CFA2ACF1C4700BF3DCF /* Base */,
			);
			path = Checkout;
			sourceTree = "<group>";
		};
		F5664CFA2ACF1C4700BF3DCF /* Base */ = {
			isa = PBXGroup;
			children = (
				F5664CFC2ACF1C6E00BF3DCF /* CheckoutAddress.swift */,
				F5664CFE2ACF1CB700BF3DCF /* CheckoutAmount.swift */,
				F5664D002ACF1D0A00BF3DCF /* CheckoutTaxes.swift */,
				F5664D022ACF1D4700BF3DCF /* CheckoutDetail.swift */,
				F5664D042ACF1F6700BF3DCF /* CheckoutBuyer.swift */,
				F5664D062ACF1FBB00BF3DCF /* CheckoutField.swift */,
				F5664D082ACF1FF800BF3DCF /* CheckoutItem.swift */,
				F5664D0A2ACF213900BF3DCF /* CheckoutPayment.swift */,
				F5664D0C2ACF220D00BF3DCF /* CheckoutRecurringRemove.swift */,
				F5664D0E2ACF225C00BF3DCF /* CheckoutShipping.swift */,
				F5664D102ACF26A000BF3DCF /* CheckoutStatus.swift */,
				F5664D122ACF26E800BF3DCF /* CheckoutAuth.swift */,
				F55B73E02AD70CA900D0C73C /* CheckoutPaymentInformation.swift */,
			);
			path = Base;
			sourceTree = "<group>";
		};
		F5664CFB2ACF1C4E00BF3DCF /* Payment */ = {
			isa = PBXGroup;
			children = (
				F57E66722AD4499C009DC4D6 /* ErrorCheckout.swift */,
				F5664D142ACF59F900BF3DCF /* CheckoutInformationRequest.swift */,
				F5664D162ACF5A2900BF3DCF /* CheckoutPaymentRequest.swift */,
				F5664D492AD0D42300BF3DCF /* CheckoutPaymentResponse.swift */,
				F55B73DC2AD6102400D0C73C /* CheckoutInformationResponse.swift */,
			);
			path = Payment;
			sourceTree = "<group>";
		};
		F5664D1E2ACF7E0C00BF3DCF /* Fonts */ = {
			isa = PBXGroup;
			children = (
				F5664D252ACF7E5400BF3DCF /* red_hat_display_black.ttf */,
				F5664D2C2ACF7E5400BF3DCF /* red_hat_display_blackItalic.ttf */,
				F5664D242ACF7E5400BF3DCF /* red_hat_display_bold.ttf */,
				F5664D202ACF7E5400BF3DCF /* red_hat_display_boldItalic.ttf */,
				F5664D292ACF7E5400BF3DCF /* red_hat_display_extraBold.ttf */,
				F5664D272ACF7E5400BF3DCF /* red_hat_display_extraBoldItalic.ttf */,
				F5664D212ACF7E5400BF3DCF /* red_hat_display_Italic.ttf */,
				F5664D2B2ACF7E5400BF3DCF /* red_hat_display_light.ttf */,
				F5664D222ACF7E5400BF3DCF /* red_hat_display_lightItalic.ttf */,
				F5664D1F2ACF7E5400BF3DCF /* red_hat_display_medium.ttf */,
				F5664D2A2ACF7E5400BF3DCF /* red_hat_display_mediumItalic.ttf */,
				F5664D232ACF7E5400BF3DCF /* red_hat_display_regular.ttf */,
				F5664D282ACF7E5400BF3DCF /* red_hat_display_semiBold.ttf */,
				F5664D262ACF7E5400BF3DCF /* red_hat_display_semiBoldItalic.ttf */,
			);
			path = Fonts;
			sourceTree = "<group>";
		};
		F59325D82ACD18F300C011EB /* Api */ = {
			isa = PBXGroup;
			children = (
				F59325D62ACD175700C011EB /* ResultError.swift */,
				F59325D92ACD191B00C011EB /* Result.swift */,
				F59325DD2ACD199700C011EB /* RequestManager.swift */,
			);
			path = Api;
			sourceTree = "<group>";
		};
		F59325DF2ACD26BF00C011EB /* Views */ = {
			isa = PBXGroup;
			children = (
				F55B73D92AD5F08700D0C73C /* History */,
				F55174932AC72F7100086601 /* Splash */,
				F551748D2AC62BE100086601 /* Receipt */,
				F551748C2AC62BD700086601 /* Checkout */,
				F551748B2AC62BCC00086601 /* Confirmation */,
				F551748A2AC62BB800086601 /* Buyer */,
				F55174892AC62BAA00086601 /* Home */,
			);
			path = Views;
			sourceTree = "<group>";
		};
		F59325E02ACD26D000C011EB /* ViewModels */ = {
			isa = PBXGroup;
			children = (
				F585111F2ACDF9AC00416195 /* ConfirmationViewModel.swift */,
				F55B73DE2AD654B900D0C73C /* ReceiptViewModel.swift */,
			);
			path = ViewModels;
			sourceTree = "<group>";
		};
		F59325E12ACD26D700C011EB /* Repositories */ = {
			isa = PBXGroup;
			children = (
				F5664D452AD0D25F00BF3DCF /* CheckoutRepository.swift */,
			);
			path = Repositories;
			sourceTree = "<group>";
		};
		F59325E22ACD26E700C011EB /* Helpers */ = {
			isa = PBXGroup;
			children = (
				F5664D412AD0817600BF3DCF /* ItemListView.swift */,
				F5664D432AD0CF7300BF3DCF /* UIDevice.swift */,
				F55B73D22AD5B22E00D0C73C /* UIExtension.swift */,
				F55944C22AE2D73300BE5E29 /* Constants.swift */,
			);
			path = Helpers;
			sourceTree = "<group>";
		};
		F59325E32ACD26FD00C011EB /* Models */ = {
			isa = PBXGroup;
			children = (
				F5664CF92ACF1C3D00BF3DCF /* Checkout */,
				F5A2DC852ACB6F8F00D1BEE3 /* WelcomePackage.swift */,
				F55174612AC6299E00086601 /* Item.swift */,
				F5664D182ACF5BD600BF3DCF /* Detail.swift */,
				F5664D1A2ACF5C3700BF3DCF /* Taxes.swift */,
				F5664D3D2AD056D500BF3DCF /* Buyer.swift */,
				F5664D472AD0D2D800BF3DCF /* History.swift */,
			);
			path = Models;
			sourceTree = "<group>";
		};
		F59325E42ACD276B00C011EB /* Services */ = {
			isa = PBXGroup;
			children = (
				F59325D82ACD18F300C011EB /* Api */,
			);
			path = Services;
			sourceTree = "<group>";
		};
/* End PBXGroup section */

/* Begin PBXNativeTarget section */
		F55174592AC6299E00086601 /* p2pr */ = {
			isa = PBXNativeTarget;
			buildConfigurationList = F55174802AC6299F00086601 /* Build configuration list for PBXNativeTarget "p2pr" */;
			buildPhases = (
				F55174562AC6299E00086601 /* Sources */,
				F55174572AC6299E00086601 /* Frameworks */,
				F55174582AC6299E00086601 /* Resources */,
			);
			buildRules = (
			);
			dependencies = (
			);
			name = p2pr;
			packageProductDependencies = (
			);
			productName = p2pr;
			productReference = F551745A2AC6299E00086601 /* p2pr.app */;
			productType = "com.apple.product-type.application";
		};
		F551746B2AC6299F00086601 /* p2prTests */ = {
			isa = PBXNativeTarget;
			buildConfigurationList = F55174832AC6299F00086601 /* Build configuration list for PBXNativeTarget "p2prTests" */;
			buildPhases = (
				F55174682AC6299F00086601 /* Sources */,
				F55174692AC6299F00086601 /* Frameworks */,
				F551746A2AC6299F00086601 /* Resources */,
			);
			buildRules = (
			);
			dependencies = (
				F551746E2AC6299F00086601 /* PBXTargetDependency */,
			);
			name = p2prTests;
			productName = p2prTests;
			productReference = F551746C2AC6299F00086601 /* p2prTests.xctest */;
			productType = "com.apple.product-type.bundle.unit-test";
		};
		F55174752AC6299F00086601 /* p2prUITests */ = {
			isa = PBXNativeTarget;
			buildConfigurationList = F55174862AC6299F00086601 /* Build configuration list for PBXNativeTarget "p2prUITests" */;
			buildPhases = (
				F55174722AC6299F00086601 /* Sources */,
				F55174732AC6299F00086601 /* Frameworks */,
				F55174742AC6299F00086601 /* Resources */,
			);
			buildRules = (
			);
			dependencies = (
				F55174782AC6299F00086601 /* PBXTargetDependency */,
			);
			name = p2prUITests;
			productName = p2prUITests;
			productReference = F55174762AC6299F00086601 /* p2prUITests.xctest */;
			productType = "com.apple.product-type.bundle.ui-testing";
		};
/* End PBXNativeTarget section */

/* Begin PBXProject section */
		F55174522AC6299D00086601 /* Project object */ = {
			isa = PBXProject;
			attributes = {
				BuildIndependentTargetsInParallel = 1;
				LastSwiftUpdateCheck = 1500;
				LastUpgradeCheck = 1500;
				TargetAttributes = {
					F55174592AC6299E00086601 = {
						CreatedOnToolsVersion = 15.0;
					};
					F551746B2AC6299F00086601 = {
						CreatedOnToolsVersion = 15.0;
						TestTargetID = F55174592AC6299E00086601;
					};
					F55174752AC6299F00086601 = {
						CreatedOnToolsVersion = 15.0;
						TestTargetID = F55174592AC6299E00086601;
					};
				};
			};
			buildConfigurationList = F55174552AC6299D00086601 /* Build configuration list for PBXProject "p2pr" */;
			compatibilityVersion = "Xcode 14.0";
			developmentRegion = en;
			hasScannedForEncodings = 0;
			knownRegions = (
				en,
				"es-419",
				Base,
			);
			mainGroup = F55174512AC6299D00086601;
			packageReferences = (
			);
			productRefGroup = F551745B2AC6299E00086601 /* Products */;
			projectDirPath = "";
			projectRoot = "";
			targets = (
				F55174592AC6299E00086601 /* p2pr */,
				F551746B2AC6299F00086601 /* p2prTests */,
				F55174752AC6299F00086601 /* p2prUITests */,
			);
		};
/* End PBXProject section */

/* Begin PBXResourcesBuildPhase section */
		F55174582AC6299E00086601 /* Resources */ = {
			isa = PBXResourcesBuildPhase;
			buildActionMask = 2147483647;
			files = (
				F5664D332ACF7E5400BF3DCF /* red_hat_display_black.ttf in Resources */,
				F55944C52AE2E3DD00BE5E29 /* Localizable.xcstrings in Resources */,
				F5664D322ACF7E5400BF3DCF /* red_hat_display_bold.ttf in Resources */,
				F5664D362ACF7E5400BF3DCF /* red_hat_display_semiBold.ttf in Resources */,
				F5664D342ACF7E5400BF3DCF /* red_hat_display_semiBoldItalic.ttf in Resources */,
				F5664D392ACF7E5400BF3DCF /* red_hat_display_light.ttf in Resources */,
				F5664D2E2ACF7E5400BF3DCF /* red_hat_display_boldItalic.ttf in Resources */,
				F5664D2F2ACF7E5400BF3DCF /* red_hat_display_Italic.ttf in Resources */,
				F5664D302ACF7E5400BF3DCF /* red_hat_display_lightItalic.ttf in Resources */,
				F5664D372ACF7E5400BF3DCF /* red_hat_display_extraBold.ttf in Resources */,
				F5664D3A2ACF7E5400BF3DCF /* red_hat_display_blackItalic.ttf in Resources */,
				F5664D382ACF7E5400BF3DCF /* red_hat_display_mediumItalic.ttf in Resources */,
				F5664D352ACF7E5400BF3DCF /* red_hat_display_extraBoldItalic.ttf in Resources */,
				F5664D312ACF7E5400BF3DCF /* red_hat_display_regular.ttf in Resources */,
				F55174672AC6299F00086601 /* Preview Assets.xcassets in Resources */,
				F55174642AC6299F00086601 /* Assets.xcassets in Resources */,
				F5664D2D2ACF7E5400BF3DCF /* red_hat_display_medium.ttf in Resources */,
			);
			runOnlyForDeploymentPostprocessing = 0;
		};
		F551746A2AC6299F00086601 /* Resources */ = {
			isa = PBXResourcesBuildPhase;
			buildActionMask = 2147483647;
			files = (
			);
			runOnlyForDeploymentPostprocessing = 0;
		};
		F55174742AC6299F00086601 /* Resources */ = {
			isa = PBXResourcesBuildPhase;
			buildActionMask = 2147483647;
			files = (
			);
			runOnlyForDeploymentPostprocessing = 0;
		};
/* End PBXResourcesBuildPhase section */

/* Begin PBXSourcesBuildPhase section */
		F55174562AC6299E00086601 /* Sources */ = {
			isa = PBXSourcesBuildPhase;
			buildActionMask = 2147483647;
			files = (
				F5664D4A2AD0D42300BF3DCF /* CheckoutPaymentResponse.swift in Sources */,
				F5664CFF2ACF1CB700BF3DCF /* CheckoutAmount.swift in Sources */,
				F55B73DD2AD6102500D0C73C /* CheckoutInformationResponse.swift in Sources */,
				F5664D1D2ACF717500BF3DCF /* SplashScreenView.swift in Sources */,
				F55B73D32AD5B22E00D0C73C /* UIExtension.swift in Sources */,
				F5664D132ACF26E800BF3DCF /* CheckoutAuth.swift in Sources */,
				F5664D192ACF5BD600BF3DCF /* Detail.swift in Sources */,
				F59325DE2ACD199700C011EB /* RequestManager.swift in Sources */,
				F5664D092ACF1FF800BF3DCF /* CheckoutItem.swift in Sources */,
				F5664D1B2ACF5C3700BF3DCF /* Taxes.swift in Sources */,
				F5664D0B2ACF213900BF3DCF /* CheckoutPayment.swift in Sources */,
				F55944C32AE2D73300BE5E29 /* Constants.swift in Sources */,
				F58511202ACDF9AC00416195 /* ConfirmationViewModel.swift in Sources */,
				F5664D402AD06C4400BF3DCF /* ConfirmationView.swift in Sources */,
				F59325D72ACD175700C011EB /* ResultError.swift in Sources */,
				F5664D032ACF1D4700BF3DCF /* CheckoutDetail.swift in Sources */,
				F55B73E12AD70CA900D0C73C /* CheckoutPaymentInformation.swift in Sources */,
				F5664D482AD0D2D800BF3DCF /* History.swift in Sources */,
				F551748F2AC62C6300086601 /* BuyerView.swift in Sources */,
				F5664D072ACF1FBB00BF3DCF /* CheckoutField.swift in Sources */,
				F5664D0D2ACF220D00BF3DCF /* CheckoutRecurringRemove.swift in Sources */,
				F5664D012ACF1D0A00BF3DCF /* CheckoutTaxes.swift in Sources */,
				F5664D152ACF59F900BF3DCF /* CheckoutInformationRequest.swift in Sources */,
				F5664D052ACF1F6700BF3DCF /* CheckoutBuyer.swift in Sources */,
				F5A2DC862ACB6F8F00D1BEE3 /* WelcomePackage.swift in Sources */,
				F5664D112ACF26A000BF3DCF /* CheckoutStatus.swift in Sources */,
				F5664D3E2AD056D500BF3DCF /* Buyer.swift in Sources */,
				F5664D0F2ACF225C00BF3DCF /* CheckoutShipping.swift in Sources */,
				F5664D462AD0D25F00BF3DCF /* CheckoutRepository.swift in Sources */,
				F55B73D72AD5EDAE00D0C73C /* ReceiptView.swift in Sources */,
				F55B73DB2AD5F09800D0C73C /* HistoryView.swift in Sources */,
				F5664D172ACF5A2900BF3DCF /* CheckoutPaymentRequest.swift in Sources */,
				F57E66732AD4499C009DC4D6 /* ErrorCheckout.swift in Sources */,
				F5664D422AD0817600BF3DCF /* ItemListView.swift in Sources */,
				F55174602AC6299E00086601 /* ContentView.swift in Sources */,
				F55B73DF2AD654B900D0C73C /* ReceiptViewModel.swift in Sources */,
				F5664D442AD0CF7300BF3DCF /* UIDevice.swift in Sources */,
				F5664CFD2ACF1C6E00BF3DCF /* CheckoutAddress.swift in Sources */,
				F59325DA2ACD191B00C011EB /* Result.swift in Sources */,
				F55B73D52AD5E77700D0C73C /* CheckoutWebView.swift in Sources */,
				F55174622AC6299E00086601 /* Item.swift in Sources */,
				F551745E2AC6299E00086601 /* p2prApp.swift in Sources */,
			);
			runOnlyForDeploymentPostprocessing = 0;
		};
		F55174682AC6299F00086601 /* Sources */ = {
			isa = PBXSourcesBuildPhase;
			buildActionMask = 2147483647;
			files = (
				F55174712AC6299F00086601 /* p2prTests.swift in Sources */,
			);
			runOnlyForDeploymentPostprocessing = 0;
		};
		F55174722AC6299F00086601 /* Sources */ = {
			isa = PBXSourcesBuildPhase;
			buildActionMask = 2147483647;
			files = (
				F551747D2AC6299F00086601 /* p2prUITestsLaunchTests.swift in Sources */,
				F551747B2AC6299F00086601 /* p2prUITests.swift in Sources */,
			);
			runOnlyForDeploymentPostprocessing = 0;
		};
/* End PBXSourcesBuildPhase section */

/* Begin PBXTargetDependency section */
		F551746E2AC6299F00086601 /* PBXTargetDependency */ = {
			isa = PBXTargetDependency;
			target = F55174592AC6299E00086601 /* p2pr */;
			targetProxy = F551746D2AC6299F00086601 /* PBXContainerItemProxy */;
		};
		F55174782AC6299F00086601 /* PBXTargetDependency */ = {
			isa = PBXTargetDependency;
			target = F55174592AC6299E00086601 /* p2pr */;
			targetProxy = F55174772AC6299F00086601 /* PBXContainerItemProxy */;
		};
/* End PBXTargetDependency section */

/* Begin XCBuildConfiguration section */
		F551747E2AC6299F00086601 /* Debug */ = {
			isa = XCBuildConfiguration;
			buildSettings = {
				ALWAYS_SEARCH_USER_PATHS = NO;
				ASSETCATALOG_COMPILER_GENERATE_SWIFT_ASSET_SYMBOL_EXTENSIONS = YES;
				CLANG_ANALYZER_NONNULL = YES;
				CLANG_ANALYZER_NUMBER_OBJECT_CONVERSION = YES_AGGRESSIVE;
				CLANG_CXX_LANGUAGE_STANDARD = "gnu++20";
				CLANG_ENABLE_MODULES = YES;
				CLANG_ENABLE_OBJC_ARC = YES;
				CLANG_ENABLE_OBJC_WEAK = YES;
				CLANG_WARN_BLOCK_CAPTURE_AUTORELEASING = YES;
				CLANG_WARN_BOOL_CONVERSION = YES;
				CLANG_WARN_COMMA = YES;
				CLANG_WARN_CONSTANT_CONVERSION = YES;
				CLANG_WARN_DEPRECATED_OBJC_IMPLEMENTATIONS = YES;
				CLANG_WARN_DIRECT_OBJC_ISA_USAGE = YES_ERROR;
				CLANG_WARN_DOCUMENTATION_COMMENTS = YES;
				CLANG_WARN_EMPTY_BODY = YES;
				CLANG_WARN_ENUM_CONVERSION = YES;
				CLANG_WARN_INFINITE_RECURSION = YES;
				CLANG_WARN_INT_CONVERSION = YES;
				CLANG_WARN_NON_LITERAL_NULL_CONVERSION = YES;
				CLANG_WARN_OBJC_IMPLICIT_RETAIN_SELF = YES;
				CLANG_WARN_OBJC_LITERAL_CONVERSION = YES;
				CLANG_WARN_OBJC_ROOT_CLASS = YES_ERROR;
				CLANG_WARN_QUOTED_INCLUDE_IN_FRAMEWORK_HEADER = YES;
				CLANG_WARN_RANGE_LOOP_ANALYSIS = YES;
				CLANG_WARN_STRICT_PROTOTYPES = YES;
				CLANG_WARN_SUSPICIOUS_MOVE = YES;
				CLANG_WARN_UNGUARDED_AVAILABILITY = YES_AGGRESSIVE;
				CLANG_WARN_UNREACHABLE_CODE = YES;
				CLANG_WARN__DUPLICATE_METHOD_MATCH = YES;
				COPY_PHASE_STRIP = NO;
				DEBUG_INFORMATION_FORMAT = dwarf;
				ENABLE_STRICT_OBJC_MSGSEND = YES;
				ENABLE_TESTABILITY = YES;
				ENABLE_USER_SCRIPT_SANDBOXING = YES;
				GCC_C_LANGUAGE_STANDARD = gnu17;
				GCC_DYNAMIC_NO_PIC = NO;
				GCC_NO_COMMON_BLOCKS = YES;
				GCC_OPTIMIZATION_LEVEL = 0;
				GCC_PREPROCESSOR_DEFINITIONS = (
					"DEBUG=1",
					"$(inherited)",
				);
				GCC_WARN_64_TO_32_BIT_CONVERSION = YES;
				GCC_WARN_ABOUT_RETURN_TYPE = YES_ERROR;
				GCC_WARN_UNDECLARED_SELECTOR = YES;
				GCC_WARN_UNINITIALIZED_AUTOS = YES_AGGRESSIVE;
				GCC_WARN_UNUSED_FUNCTION = YES;
				GCC_WARN_UNUSED_VARIABLE = YES;
				IPHONEOS_DEPLOYMENT_TARGET = 16.6;
				LOCALIZATION_PREFERS_STRING_CATALOGS = YES;
				MTL_ENABLE_DEBUG_INFO = INCLUDE_SOURCE;
				MTL_FAST_MATH = YES;
				ONLY_ACTIVE_ARCH = YES;
				SDKROOT = iphoneos;
				SWIFT_ACTIVE_COMPILATION_CONDITIONS = "DEBUG $(inherited)";
				SWIFT_OPTIMIZATION_LEVEL = "-Onone";
				SWIFT_VERSION = 5.0;
			};
			name = Debug;
		};
		F551747F2AC6299F00086601 /* Release */ = {
			isa = XCBuildConfiguration;
			buildSettings = {
				ALWAYS_SEARCH_USER_PATHS = NO;
				ASSETCATALOG_COMPILER_GENERATE_SWIFT_ASSET_SYMBOL_EXTENSIONS = YES;
				CLANG_ANALYZER_NONNULL = YES;
				CLANG_ANALYZER_NUMBER_OBJECT_CONVERSION = YES_AGGRESSIVE;
				CLANG_CXX_LANGUAGE_STANDARD = "gnu++20";
				CLANG_ENABLE_MODULES = YES;
				CLANG_ENABLE_OBJC_ARC = YES;
				CLANG_ENABLE_OBJC_WEAK = YES;
				CLANG_WARN_BLOCK_CAPTURE_AUTORELEASING = YES;
				CLANG_WARN_BOOL_CONVERSION = YES;
				CLANG_WARN_COMMA = YES;
				CLANG_WARN_CONSTANT_CONVERSION = YES;
				CLANG_WARN_DEPRECATED_OBJC_IMPLEMENTATIONS = YES;
				CLANG_WARN_DIRECT_OBJC_ISA_USAGE = YES_ERROR;
				CLANG_WARN_DOCUMENTATION_COMMENTS = YES;
				CLANG_WARN_EMPTY_BODY = YES;
				CLANG_WARN_ENUM_CONVERSION = YES;
				CLANG_WARN_INFINITE_RECURSION = YES;
				CLANG_WARN_INT_CONVERSION = YES;
				CLANG_WARN_NON_LITERAL_NULL_CONVERSION = YES;
				CLANG_WARN_OBJC_IMPLICIT_RETAIN_SELF = YES;
				CLANG_WARN_OBJC_LITERAL_CONVERSION = YES;
				CLANG_WARN_OBJC_ROOT_CLASS = YES_ERROR;
				CLANG_WARN_QUOTED_INCLUDE_IN_FRAMEWORK_HEADER = YES;
				CLANG_WARN_RANGE_LOOP_ANALYSIS = YES;
				CLANG_WARN_STRICT_PROTOTYPES = YES;
				CLANG_WARN_SUSPICIOUS_MOVE = YES;
				CLANG_WARN_UNGUARDED_AVAILABILITY = YES_AGGRESSIVE;
				CLANG_WARN_UNREACHABLE_CODE = YES;
				CLANG_WARN__DUPLICATE_METHOD_MATCH = YES;
				COPY_PHASE_STRIP = NO;
				DEBUG_INFORMATION_FORMAT = "dwarf-with-dsym";
				ENABLE_NS_ASSERTIONS = NO;
				ENABLE_STRICT_OBJC_MSGSEND = YES;
				ENABLE_USER_SCRIPT_SANDBOXING = YES;
				GCC_C_LANGUAGE_STANDARD = gnu17;
				GCC_NO_COMMON_BLOCKS = YES;
				GCC_WARN_64_TO_32_BIT_CONVERSION = YES;
				GCC_WARN_ABOUT_RETURN_TYPE = YES_ERROR;
				GCC_WARN_UNDECLARED_SELECTOR = YES;
				GCC_WARN_UNINITIALIZED_AUTOS = YES_AGGRESSIVE;
				GCC_WARN_UNUSED_FUNCTION = YES;
				GCC_WARN_UNUSED_VARIABLE = YES;
				IPHONEOS_DEPLOYMENT_TARGET = 16.6;
				LOCALIZATION_PREFERS_STRING_CATALOGS = YES;
				MTL_ENABLE_DEBUG_INFO = NO;
				MTL_FAST_MATH = YES;
				SDKROOT = iphoneos;
				SWIFT_COMPILATION_MODE = wholemodule;
				SWIFT_VERSION = 5.0;
				VALIDATE_PRODUCT = YES;
			};
			name = Release;
		};
		F55174812AC6299F00086601 /* Debug */ = {
			isa = XCBuildConfiguration;
			buildSettings = {
				ASSETCATALOG_COMPILER_APPICON_NAME = AppIcon;
				ASSETCATALOG_COMPILER_GLOBAL_ACCENT_COLOR_NAME = AccentColor;
				CODE_SIGN_STYLE = Automatic;
				CURRENT_PROJECT_VERSION = 1;
				DEVELOPMENT_ASSET_PATHS = "p2pr/Preview\\ Content";
				DEVELOPMENT_TEAM = C2LJNB5NQW;
				ENABLE_PREVIEWS = YES;
				GENERATE_INFOPLIST_FILE = YES;
				INFOPLIST_FILE = p2pr/Info.plist;
				INFOPLIST_KEY_CFBundleDisplayName = Redirection;
				INFOPLIST_KEY_LSApplicationCategoryType = "";
				INFOPLIST_KEY_UIApplicationSceneManifest_Generation = YES;
				INFOPLIST_KEY_UIApplicationSupportsIndirectInputEvents = YES;
				INFOPLIST_KEY_UILaunchScreen_Generation = YES;
				INFOPLIST_KEY_UISupportedInterfaceOrientations_iPad = "UIInterfaceOrientationPortrait UIInterfaceOrientationPortraitUpsideDown UIInterfaceOrientationLandscapeLeft UIInterfaceOrientationLandscapeRight";
				INFOPLIST_KEY_UISupportedInterfaceOrientations_iPhone = "UIInterfaceOrientationPortrait UIInterfaceOrientationLandscapeLeft UIInterfaceOrientationLandscapeRight";
				IPHONEOS_DEPLOYMENT_TARGET = 17.0;
				LD_RUNPATH_SEARCH_PATHS = (
					"$(inherited)",
					"@executable_path/Frameworks",
				);
				MARKETING_VERSION = 1.0;
				PRODUCT_BUNDLE_IDENTIFIER = com.placetopay.p2pr;
				PRODUCT_NAME = "$(TARGET_NAME)";
				SUPPORTED_PLATFORMS = "iphoneos iphonesimulator";
				SUPPORTS_MACCATALYST = NO;
				SUPPORTS_MAC_DESIGNED_FOR_IPHONE_IPAD = NO;
				SWIFT_EMIT_LOC_STRINGS = YES;
				SWIFT_VERSION = 5.0;
				TARGETED_DEVICE_FAMILY = "1,2";
			};
			name = Debug;
		};
		F55174822AC6299F00086601 /* Release */ = {
			isa = XCBuildConfiguration;
			buildSettings = {
				ASSETCATALOG_COMPILER_APPICON_NAME = AppIcon;
				ASSETCATALOG_COMPILER_GLOBAL_ACCENT_COLOR_NAME = AccentColor;
				CODE_SIGN_STYLE = Automatic;
				CURRENT_PROJECT_VERSION = 1;
				DEVELOPMENT_ASSET_PATHS = "p2pr/Preview\\ Content";
				DEVELOPMENT_TEAM = C2LJNB5NQW;
				ENABLE_PREVIEWS = YES;
				GENERATE_INFOPLIST_FILE = YES;
				INFOPLIST_FILE = p2pr/Info.plist;
				INFOPLIST_KEY_CFBundleDisplayName = Redirection;
				INFOPLIST_KEY_LSApplicationCategoryType = "";
				INFOPLIST_KEY_UIApplicationSceneManifest_Generation = YES;
				INFOPLIST_KEY_UIApplicationSupportsIndirectInputEvents = YES;
				INFOPLIST_KEY_UILaunchScreen_Generation = YES;
				INFOPLIST_KEY_UISupportedInterfaceOrientations_iPad = "UIInterfaceOrientationPortrait UIInterfaceOrientationPortraitUpsideDown UIInterfaceOrientationLandscapeLeft UIInterfaceOrientationLandscapeRight";
				INFOPLIST_KEY_UISupportedInterfaceOrientations_iPhone = "UIInterfaceOrientationPortrait UIInterfaceOrientationLandscapeLeft UIInterfaceOrientationLandscapeRight";
				IPHONEOS_DEPLOYMENT_TARGET = 17.0;
				LD_RUNPATH_SEARCH_PATHS = (
					"$(inherited)",
					"@executable_path/Frameworks",
				);
				MARKETING_VERSION = 1.0;
				PRODUCT_BUNDLE_IDENTIFIER = com.placetopay.p2pr;
				PRODUCT_NAME = "$(TARGET_NAME)";
				SUPPORTED_PLATFORMS = "iphoneos iphonesimulator";
				SUPPORTS_MACCATALYST = NO;
				SUPPORTS_MAC_DESIGNED_FOR_IPHONE_IPAD = NO;
				SWIFT_EMIT_LOC_STRINGS = YES;
				SWIFT_VERSION = 5.0;
				TARGETED_DEVICE_FAMILY = "1,2";
			};
			name = Release;
		};
		F55174842AC6299F00086601 /* Debug */ = {
			isa = XCBuildConfiguration;
			buildSettings = {
				ALWAYS_EMBED_SWIFT_STANDARD_LIBRARIES = YES;
				BUNDLE_LOADER = "$(TEST_HOST)";
				CODE_SIGN_STYLE = Automatic;
				CURRENT_PROJECT_VERSION = 1;
				GENERATE_INFOPLIST_FILE = YES;
				IPHONEOS_DEPLOYMENT_TARGET = 17.0;
				MARKETING_VERSION = 1.0;
				PRODUCT_BUNDLE_IDENTIFIER = com.placetopay.p2prTests;
				PRODUCT_NAME = "$(TARGET_NAME)";
				SWIFT_EMIT_LOC_STRINGS = NO;
				SWIFT_VERSION = 5.0;
				TARGETED_DEVICE_FAMILY = "1,2";
				TEST_HOST = "$(BUILT_PRODUCTS_DIR)/p2pr.app/$(BUNDLE_EXECUTABLE_FOLDER_PATH)/p2pr";
			};
			name = Debug;
		};
		F55174852AC6299F00086601 /* Release */ = {
			isa = XCBuildConfiguration;
			buildSettings = {
				ALWAYS_EMBED_SWIFT_STANDARD_LIBRARIES = YES;
				BUNDLE_LOADER = "$(TEST_HOST)";
				CODE_SIGN_STYLE = Automatic;
				CURRENT_PROJECT_VERSION = 1;
				GENERATE_INFOPLIST_FILE = YES;
				IPHONEOS_DEPLOYMENT_TARGET = 17.0;
				MARKETING_VERSION = 1.0;
				PRODUCT_BUNDLE_IDENTIFIER = com.placetopay.p2prTests;
				PRODUCT_NAME = "$(TARGET_NAME)";
				SWIFT_EMIT_LOC_STRINGS = NO;
				SWIFT_VERSION = 5.0;
				TARGETED_DEVICE_FAMILY = "1,2";
				TEST_HOST = "$(BUILT_PRODUCTS_DIR)/p2pr.app/$(BUNDLE_EXECUTABLE_FOLDER_PATH)/p2pr";
			};
			name = Release;
		};
		F55174872AC6299F00086601 /* Debug */ = {
			isa = XCBuildConfiguration;
			buildSettings = {
				ALWAYS_EMBED_SWIFT_STANDARD_LIBRARIES = YES;
				CODE_SIGN_STYLE = Automatic;
				CURRENT_PROJECT_VERSION = 1;
				GENERATE_INFOPLIST_FILE = YES;
				MARKETING_VERSION = 1.0;
				PRODUCT_BUNDLE_IDENTIFIER = com.placetopay.p2prUITests;
				PRODUCT_NAME = "$(TARGET_NAME)";
				SWIFT_EMIT_LOC_STRINGS = NO;
				SWIFT_VERSION = 5.0;
				TARGETED_DEVICE_FAMILY = "1,2";
				TEST_TARGET_NAME = p2pr;
			};
			name = Debug;
		};
		F55174882AC6299F00086601 /* Release */ = {
			isa = XCBuildConfiguration;
			buildSettings = {
				ALWAYS_EMBED_SWIFT_STANDARD_LIBRARIES = YES;
				CODE_SIGN_STYLE = Automatic;
				CURRENT_PROJECT_VERSION = 1;
				GENERATE_INFOPLIST_FILE = YES;
				MARKETING_VERSION = 1.0;
				PRODUCT_BUNDLE_IDENTIFIER = com.placetopay.p2prUITests;
				PRODUCT_NAME = "$(TARGET_NAME)";
				SWIFT_EMIT_LOC_STRINGS = NO;
				SWIFT_VERSION = 5.0;
				TARGETED_DEVICE_FAMILY = "1,2";
				TEST_TARGET_NAME = p2pr;
			};
			name = Release;
		};
/* End XCBuildConfiguration section */

/* Begin XCConfigurationList section */
		F55174552AC6299D00086601 /* Build configuration list for PBXProject "p2pr" */ = {
			isa = XCConfigurationList;
			buildConfigurations = (
				F551747E2AC6299F00086601 /* Debug */,
				F551747F2AC6299F00086601 /* Release */,
			);
			defaultConfigurationIsVisible = 0;
			defaultConfigurationName = Release;
		};
		F55174802AC6299F00086601 /* Build configuration list for PBXNativeTarget "p2pr" */ = {
			isa = XCConfigurationList;
			buildConfigurations = (
				F55174812AC6299F00086601 /* Debug */,
				F55174822AC6299F00086601 /* Release */,
			);
			defaultConfigurationIsVisible = 0;
			defaultConfigurationName = Release;
		};
		F55174832AC6299F00086601 /* Build configuration list for PBXNativeTarget "p2prTests" */ = {
			isa = XCConfigurationList;
			buildConfigurations = (
				F55174842AC6299F00086601 /* Debug */,
				F55174852AC6299F00086601 /* Release */,
			);
			defaultConfigurationIsVisible = 0;
			defaultConfigurationName = Release;
		};
		F55174862AC6299F00086601 /* Build configuration list for PBXNativeTarget "p2prUITests" */ = {
			isa = XCConfigurationList;
			buildConfigurations = (
				F55174872AC6299F00086601 /* Debug */,
				F55174882AC6299F00086601 /* Release */,
			);
			defaultConfigurationIsVisible = 0;
			defaultConfigurationName = Release;
		};
/* End XCConfigurationList section */
	};
	rootObject = F55174522AC6299D00086601 /* Project object */;
}
