// !$*UTF8*$!
{
	archiveVersion = 1;
	classes = {
	};
	objectVersion = 56;
	objects = {

/* Begin PBXBuildFile section */
		F551745E2AC6299E00086601 /* p2prApp.swift in Sources */ = {isa = PBXBuildFile; fileRef = F551745D2AC6299E00086601 /* p2prApp.swift */; };
		F55174602AC6299E00086601 /* ContentView.swift in Sources */ = {isa = PBXBuildFile; fileRef = F551745F2AC6299E00086601 /* ContentView.swift */; };
		F55174622AC6299E00086601 /* Item.swift in Sources */ = {isa = PBXBuildFile; fileRef = F55174612AC6299E00086601 /* Item.swift */; };
		F55174642AC6299F00086601 /* Assets.xcassets in Resources */ = {isa = PBXBuildFile; fileRef = F55174632AC6299F00086601 /* Assets.xcassets */; };
		F55174672AC6299F00086601 /* Preview Assets.xcassets in Resources */ = {isa = PBXBuildFile; fileRef = F55174662AC6299F00086601 /* Preview Assets.xcassets */; };
		F55174712AC6299F00086601 /* p2prTests.swift in Sources */ = {isa = PBXBuildFile; fileRef = F55174702AC6299F00086601 /* p2prTests.swift */; };
		F551747B2AC6299F00086601 /* p2prUITests.swift in Sources */ = {isa = PBXBuildFile; fileRef = F551747A2AC6299F00086601 /* p2prUITests.swift */; };
		F551747D2AC6299F00086601 /* p2prUITestsLaunchTests.swift in Sources */ = {isa = PBXBuildFile; fileRef = F551747C2AC6299F00086601 /* p2prUITestsLaunchTests.swift */; };
/* End PBXBuildFile section */

/* Begin PBXContainerItemProxy section */
		F551746D2AC6299F00086601 /* PBXContainerItemProxy */ = {
			isa = PBXContainerItemProxy;
			containerPortal = F55174522AC6299D00086601 /* Project object */;
			proxyType = 1;
			remoteGlobalIDString = F55174592AC6299E00086601;
			remoteInfo = p2pr;
		};
		F55174772AC6299F00086601 /* PBXContainerItemProxy */ = {
			isa = PBXContainerItemProxy;
			containerPortal = F55174522AC6299D00086601 /* Project object */;
			proxyType = 1;
			remoteGlobalIDString = F55174592AC6299E00086601;
			remoteInfo = p2pr;
		};
/* End PBXContainerItemProxy section */

/* Begin PBXFileReference section */
		F551745A2AC6299E00086601 /* p2pr.app */ = {isa = PBXFileReference; explicitFileType = wrapper.application; includeInIndex = 0; path = p2pr.app; sourceTree = BUILT_PRODUCTS_DIR; };
		F551745D2AC6299E00086601 /* p2prApp.swift */ = {isa = PBXFileReference; lastKnownFileType = sourcecode.swift; path = p2prApp.swift; sourceTree = "<group>"; };
		F551745F2AC6299E00086601 /* ContentView.swift */ = {isa = PBXFileReference; lastKnownFileType = sourcecode.swift; path = ContentView.swift; sourceTree = "<group>"; };
		F55174612AC6299E00086601 /* Item.swift */ = {isa = PBXFileReference; lastKnownFileType = sourcecode.swift; path = Item.swift; sourceTree = "<group>"; };
		F55174632AC6299F00086601 /* Assets.xcassets */ = {isa = PBXFileReference; lastKnownFileType = folder.assetcatalog; path = Assets.xcassets; sourceTree = "<group>"; };
		F55174662AC6299F00086601 /* Preview Assets.xcassets */ = {isa = PBXFileReference; lastKnownFileType = folder.assetcatalog; path = "Preview Assets.xcassets"; sourceTree = "<group>"; };
		F551746C2AC6299F00086601 /* p2prTests.xctest */ = {isa = PBXFileReference; explicitFileType = wrapper.cfbundle; includeInIndex = 0; path = p2prTests.xctest; sourceTree = BUILT_PRODUCTS_DIR; };
		F55174702AC6299F00086601 /* p2prTests.swift */ = {isa = PBXFileReference; lastKnownFileType = sourcecode.swift; path = p2prTests.swift; sourceTree = "<group>"; };
		F55174762AC6299F00086601 /* p2prUITests.xctest */ = {isa = PBXFileReference; explicitFileType = wrapper.cfbundle; includeInIndex = 0; path = p2prUITests.xctest; sourceTree = BUILT_PRODUCTS_DIR; };
		F551747A2AC6299F00086601 /* p2prUITests.swift */ = {isa = PBXFileReference; lastKnownFileType = sourcecode.swift; path = p2prUITests.swift; sourceTree = "<group>"; };
		F551747C2AC6299F00086601 /* p2prUITestsLaunchTests.swift */ = {isa = PBXFileReference; lastKnownFileType = sourcecode.swift; path = p2prUITestsLaunchTests.swift; sourceTree = "<group>"; };
/* End PBXFileReference section */

/* Begin PBXFrameworksBuildPhase section */
		F55174572AC6299E00086601 /* Frameworks */ = {
			isa = PBXFrameworksBuildPhase;
			buildActionMask = 2147483647;
			files = (
			);
			runOnlyForDeploymentPostprocessing = 0;
		};
		F55174692AC6299F00086601 /* Frameworks */ = {
			isa = PBXFrameworksBuildPhase;
			buildActionMask = 2147483647;
			files = (
			);
			runOnlyForDeploymentPostprocessing = 0;
		};
		F55174732AC6299F00086601 /* Frameworks */ = {
			isa = PBXFrameworksBuildPhase;
			buildActionMask = 2147483647;
			files = (
			);
			runOnlyForDeploymentPostprocessing = 0;
		};
/* End PBXFrameworksBuildPhase section */

/* Begin PBXGroup section */
		F55174512AC6299D00086601 = {
			isa = PBXGroup;
			children = (
				F551745C2AC6299E00086601 /* p2pr */,
				F551746F2AC6299F00086601 /* p2prTests */,
				F55174792AC6299F00086601 /* p2prUITests */,
				F551745B2AC6299E00086601 /* Products */,
			);
			sourceTree = "<group>";
		};
		F551745B2AC6299E00086601 /* Products */ = {
			isa = PBXGroup;
			children = (
				F551745A2AC6299E00086601 /* p2pr.app */,
				F551746C2AC6299F00086601 /* p2prTests.xctest */,
				F55174762AC6299F00086601 /* p2prUITests.xctest */,
			);
			name = Products;
			sourceTree = "<group>";
		};
		F551745C2AC6299E00086601 /* p2pr */ = {
			isa = PBXGroup;
			children = (
				F551745D2AC6299E00086601 /* p2prApp.swift */,
				F551745F2AC6299E00086601 /* ContentView.swift */,
				F55174612AC6299E00086601 /* Item.swift */,
				F55174632AC6299F00086601 /* Assets.xcassets */,
				F55174652AC6299F00086601 /* Preview Content */,
			);
			path = p2pr;
			sourceTree = "<group>";
		};
		F55174652AC6299F00086601 /* Preview Content */ = {
			isa = PBXGroup;
			children = (
				F55174662AC6299F00086601 /* Preview Assets.xcassets */,
			);
			path = "Preview Content";
			sourceTree = "<group>";
		};
		F551746F2AC6299F00086601 /* p2prTests */ = {
			isa = PBXGroup;
			children = (
				F55174702AC6299F00086601 /* p2prTests.swift */,
			);
			path = p2prTests;
			sourceTree = "<group>";
		};
		F55174792AC6299F00086601 /* p2prUITests */ = {
			isa = PBXGroup;
			children = (
				F551747A2AC6299F00086601 /* p2prUITests.swift */,
				F551747C2AC6299F00086601 /* p2prUITestsLaunchTests.swift */,
			);
			path = p2prUITests;
			sourceTree = "<group>";
		};
/* End PBXGroup section */

/* Begin PBXNativeTarget section */
		F55174592AC6299E00086601 /* p2pr */ = {
			isa = PBXNativeTarget;
			buildConfigurationList = F55174802AC6299F00086601 /* Build configuration list for PBXNativeTarget "p2pr" */;
			buildPhases = (
				F55174562AC6299E00086601 /* Sources */,
				F55174572AC6299E00086601 /* Frameworks */,
				F55174582AC6299E00086601 /* Resources */,
			);
			buildRules = (
			);
			dependencies = (
			);
			name = p2pr;
			productName = p2pr;
			productReference = F551745A2AC6299E00086601 /* p2pr.app */;
			productType = "com.apple.product-type.application";
		};
		F551746B2AC6299F00086601 /* p2prTests */ = {
			isa = PBXNativeTarget;
			buildConfigurationList = F55174832AC6299F00086601 /* Build configuration list for PBXNativeTarget "p2prTests" */;
			buildPhases = (
				F55174682AC6299F00086601 /* Sources */,
				F55174692AC6299F00086601 /* Frameworks */,
				F551746A2AC6299F00086601 /* Resources */,
			);
			buildRules = (
			);
			dependencies = (
				F551746E2AC6299F00086601 /* PBXTargetDependency */,
			);
			name = p2prTests;
			productName = p2prTests;
			productReference = F551746C2AC6299F00086601 /* p2prTests.xctest */;
			productType = "com.apple.product-type.bundle.unit-test";
		};
		F55174752AC6299F00086601 /* p2prUITests */ = {
			isa = PBXNativeTarget;
			buildConfigurationList = F55174862AC6299F00086601 /* Build configuration list for PBXNativeTarget "p2prUITests" */;
			buildPhases = (
				F55174722AC6299F00086601 /* Sources */,
				F55174732AC6299F00086601 /* Frameworks */,
				F55174742AC6299F00086601 /* Resources */,
			);
			buildRules = (
			);
			dependencies = (
				F55174782AC6299F00086601 /* PBXTargetDependency */,
			);
			name = p2prUITests;
			productName = p2prUITests;
			productReference = F55174762AC6299F00086601 /* p2prUITests.xctest */;
			productType = "com.apple.product-type.bundle.ui-testing";
		};
/* End PBXNativeTarget section */

/* Begin PBXProject section */
		F55174522AC6299D00086601 /* Project object */ = {
			isa = PBXProject;
			attributes = {
				BuildIndependentTargetsInParallel = 1;
				LastSwiftUpdateCheck = 1500;
				LastUpgradeCheck = 1500;
				TargetAttributes = {
					F55174592AC6299E00086601 = {
						CreatedOnToolsVersion = 15.0;
					};
					F551746B2AC6299F00086601 = {
						CreatedOnToolsVersion = 15.0;
						TestTargetID = F55174592AC6299E00086601;
					};
					F55174752AC6299F00086601 = {
						CreatedOnToolsVersion = 15.0;
						TestTargetID = F55174592AC6299E00086601;
					};
				};
			};
			buildConfigurationList = F55174552AC6299D00086601 /* Build configuration list for PBXProject "p2pr" */;
			compatibilityVersion = "Xcode 14.0";
			developmentRegion = en;
			hasScannedForEncodings = 0;
			knownRegions = (
				en,
				Base,
			);
			mainGroup = F55174512AC6299D00086601;
			productRefGroup = F551745B2AC6299E00086601 /* Products */;
			projectDirPath = "";
			projectRoot = "";
			targets = (
				F55174592AC6299E00086601 /* p2pr */,
				F551746B2AC6299F00086601 /* p2prTests */,
				F55174752AC6299F00086601 /* p2prUITests */,
			);
		};
/* End PBXProject section */

/* Begin PBXResourcesBuildPhase section */
		F55174582AC6299E00086601 /* Resources */ = {
			isa = PBXResourcesBuildPhase;
			buildActionMask = 2147483647;
			files = (
				F55174672AC6299F00086601 /* Preview Assets.xcassets in Resources */,
				F55174642AC6299F00086601 /* Assets.xcassets in Resources */,
			);
			runOnlyForDeploymentPostprocessing = 0;
		};
		F551746A2AC6299F00086601 /* Resources */ = {
			isa = PBXResourcesBuildPhase;
			buildActionMask = 2147483647;
			files = (
			);
			runOnlyForDeploymentPostprocessing = 0;
		};
		F55174742AC6299F00086601 /* Resources */ = {
			isa = PBXResourcesBuildPhase;
			buildActionMask = 2147483647;
			files = (
			);
			runOnlyForDeploymentPostprocessing = 0;
		};
/* End PBXResourcesBuildPhase section */

/* Begin PBXSourcesBuildPhase section */
		F55174562AC6299E00086601 /* Sources */ = {
			isa = PBXSourcesBuildPhase;
			buildActionMask = 2147483647;
			files = (
				F55174602AC6299E00086601 /* ContentView.swift in Sources */,
				F55174622AC6299E00086601 /* Item.swift in Sources */,
				F551745E2AC6299E00086601 /* p2prApp.swift in Sources */,
			);
			runOnlyForDeploymentPostprocessing = 0;
		};
		F55174682AC6299F00086601 /* Sources */ = {
			isa = PBXSourcesBuildPhase;
			buildActionMask = 2147483647;
			files = (
				F55174712AC6299F00086601 /* p2prTests.swift in Sources */,
			);
			runOnlyForDeploymentPostprocessing = 0;
		};
		F55174722AC6299F00086601 /* Sources */ = {
			isa = PBXSourcesBuildPhase;
			buildActionMask = 2147483647;
			files = (
				F551747D2AC6299F00086601 /* p2prUITestsLaunchTests.swift in Sources */,
				F551747B2AC6299F00086601 /* p2prUITests.swift in Sources */,
			);
			runOnlyForDeploymentPostprocessing = 0;
		};
/* End PBXSourcesBuildPhase section */

/* Begin PBXTargetDependency section */
		F551746E2AC6299F00086601 /* PBXTargetDependency */ = {
			isa = PBXTargetDependency;
			target = F55174592AC6299E00086601 /* p2pr */;
			targetProxy = F551746D2AC6299F00086601 /* PBXContainerItemProxy */;
		};
		F55174782AC6299F00086601 /* PBXTargetDependency */ = {
			isa = PBXTargetDependency;
			target = F55174592AC6299E00086601 /* p2pr */;
			targetProxy = F55174772AC6299F00086601 /* PBXContainerItemProxy */;
		};
/* End PBXTargetDependency section */

/* Begin XCBuildConfiguration section */
		F551747E2AC6299F00086601 /* Debug */ = {
			isa = XCBuildConfiguration;
			buildSettings = {
				ALWAYS_SEARCH_USER_PATHS = NO;
				ASSETCATALOG_COMPILER_GENERATE_SWIFT_ASSET_SYMBOL_EXTENSIONS = YES;
				CLANG_ANALYZER_NONNULL = YES;
				CLANG_ANALYZER_NUMBER_OBJECT_CONVERSION = YES_AGGRESSIVE;
				CLANG_CXX_LANGUAGE_STANDARD = "gnu++20";
				CLANG_ENABLE_MODULES = YES;
				CLANG_ENABLE_OBJC_ARC = YES;
				CLANG_ENABLE_OBJC_WEAK = YES;
				CLANG_WARN_BLOCK_CAPTURE_AUTORELEASING = YES;
				CLANG_WARN_BOOL_CONVERSION = YES;
				CLANG_WARN_COMMA = YES;
				CLANG_WARN_CONSTANT_CONVERSION = YES;
				CLANG_WARN_DEPRECATED_OBJC_IMPLEMENTATIONS = YES;
				CLANG_WARN_DIRECT_OBJC_ISA_USAGE = YES_ERROR;
				CLANG_WARN_DOCUMENTATION_COMMENTS = YES;
				CLANG_WARN_EMPTY_BODY = YES;
				CLANG_WARN_ENUM_CONVERSION = YES;
				CLANG_WARN_INFINITE_RECURSION = YES;
				CLANG_WARN_INT_CONVERSION = YES;
				CLANG_WARN_NON_LITERAL_NULL_CONVERSION = YES;
				CLANG_WARN_OBJC_IMPLICIT_RETAIN_SELF = YES;
				CLANG_WARN_OBJC_LITERAL_CONVERSION = YES;
				CLANG_WARN_OBJC_ROOT_CLASS = YES_ERROR;
				CLANG_WARN_QUOTED_INCLUDE_IN_FRAMEWORK_HEADER = YES;
				CLANG_WARN_RANGE_LOOP_ANALYSIS = YES;
				CLANG_WARN_STRICT_PROTOTYPES = YES;
				CLANG_WARN_SUSPICIOUS_MOVE = YES;
				CLANG_WARN_UNGUARDED_AVAILABILITY = YES_AGGRESSIVE;
				CLANG_WARN_UNREACHABLE_CODE = YES;
				CLANG_WARN__DUPLICATE_METHOD_MATCH = YES;
				COPY_PHASE_STRIP = NO;
				DEBUG_INFORMATION_FORMAT = dwarf;
				ENABLE_STRICT_OBJC_MSGSEND = YES;
				ENABLE_TESTABILITY = YES;
				ENABLE_USER_SCRIPT_SANDBOXING = YES;
				GCC_C_LANGUAGE_STANDARD = gnu17;
				GCC_DYNAMIC_NO_PIC = NO;
				GCC_NO_COMMON_BLOCKS = YES;
				GCC_OPTIMIZATION_LEVEL = 0;
				GCC_PREPROCESSOR_DEFINITIONS = (
					"DEBUG=1",
					"$(inherited)",
				);
				GCC_WARN_64_TO_32_BIT_CONVERSION = YES;
				GCC_WARN_ABOUT_RETURN_TYPE = YES_ERROR;
				GCC_WARN_UNDECLARED_SELECTOR = YES;
				GCC_WARN_UNINITIALIZED_AUTOS = YES_AGGRESSIVE;
				GCC_WARN_UNUSED_FUNCTION = YES;
				GCC_WARN_UNUSED_VARIABLE = YES;
				IPHONEOS_DEPLOYMENT_TARGET = 17.0;
				LOCALIZATION_PREFERS_STRING_CATALOGS = YES;
				MTL_ENABLE_DEBUG_INFO = INCLUDE_SOURCE;
				MTL_FAST_MATH = YES;
				ONLY_ACTIVE_ARCH = YES;
				SDKROOT = iphoneos;
				SWIFT_ACTIVE_COMPILATION_CONDITIONS = "DEBUG $(inherited)";
				SWIFT_OPTIMIZATION_LEVEL = "-Onone";
			};
			name = Debug;
		};
		F551747F2AC6299F00086601 /* Release */ = {
			isa = XCBuildConfiguration;
			buildSettings = {
				ALWAYS_SEARCH_USER_PATHS = NO;
				ASSETCATALOG_COMPILER_GENERATE_SWIFT_ASSET_SYMBOL_EXTENSIONS = YES;
				CLANG_ANALYZER_NONNULL = YES;
				CLANG_ANALYZER_NUMBER_OBJECT_CONVERSION = YES_AGGRESSIVE;
				CLANG_CXX_LANGUAGE_STANDARD = "gnu++20";
				CLANG_ENABLE_MODULES = YES;
				CLANG_ENABLE_OBJC_ARC = YES;
				CLANG_ENABLE_OBJC_WEAK = YES;
				CLANG_WARN_BLOCK_CAPTURE_AUTORELEASING = YES;
				CLANG_WARN_BOOL_CONVERSION = YES;
				CLANG_WARN_COMMA = YES;
				CLANG_WARN_CONSTANT_CONVERSION = YES;
				CLANG_WARN_DEPRECATED_OBJC_IMPLEMENTATIONS = YES;
				CLANG_WARN_DIRECT_OBJC_ISA_USAGE = YES_ERROR;
				CLANG_WARN_DOCUMENTATION_COMMENTS = YES;
				CLANG_WARN_EMPTY_BODY = YES;
				CLANG_WARN_ENUM_CONVERSION = YES;
				CLANG_WARN_INFINITE_RECURSION = YES;
				CLANG_WARN_INT_CONVERSION = YES;
				CLANG_WARN_NON_LITERAL_NULL_CONVERSION = YES;
				CLANG_WARN_OBJC_IMPLICIT_RETAIN_SELF = YES;
				CLANG_WARN_OBJC_LITERAL_CONVERSION = YES;
				CLANG_WARN_OBJC_ROOT_CLASS = YES_ERROR;
				CLANG_WARN_QUOTED_INCLUDE_IN_FRAMEWORK_HEADER = YES;
				CLANG_WARN_RANGE_LOOP_ANALYSIS = YES;
				CLANG_WARN_STRICT_PROTOTYPES = YES;
				CLANG_WARN_SUSPICIOUS_MOVE = YES;
				CLANG_WARN_UNGUARDED_AVAILABILITY = YES_AGGRESSIVE;
				CLANG_WARN_UNREACHABLE_CODE = YES;
				CLANG_WARN__DUPLICATE_METHOD_MATCH = YES;
				COPY_PHASE_STRIP = NO;
				DEBUG_INFORMATION_FORMAT = "dwarf-with-dsym";
				ENABLE_NS_ASSERTIONS = NO;
				ENABLE_STRICT_OBJC_MSGSEND = YES;
				ENABLE_USER_SCRIPT_SANDBOXING = YES;
				GCC_C_LANGUAGE_STANDARD = gnu17;
				GCC_NO_COMMON_BLOCKS = YES;
				GCC_WARN_64_TO_32_BIT_CONVERSION = YES;
				GCC_WARN_ABOUT_RETURN_TYPE = YES_ERROR;
				GCC_WARN_UNDECLARED_SELECTOR = YES;
				GCC_WARN_UNINITIALIZED_AUTOS = YES_AGGRESSIVE;
				GCC_WARN_UNUSED_FUNCTION = YES;
				GCC_WARN_UNUSED_VARIABLE = YES;
				IPHONEOS_DEPLOYMENT_TARGET = 17.0;
				LOCALIZATION_PREFERS_STRING_CATALOGS = YES;
				MTL_ENABLE_DEBUG_INFO = NO;
				MTL_FAST_MATH = YES;
				SDKROOT = iphoneos;
				SWIFT_COMPILATION_MODE = wholemodule;
				VALIDATE_PRODUCT = YES;
			};
			name = Release;
		};
		F55174812AC6299F00086601 /* Debug */ = {
			isa = XCBuildConfiguration;
			buildSettings = {
				ASSETCATALOG_COMPILER_APPICON_NAME = AppIcon;
				ASSETCATALOG_COMPILER_GLOBAL_ACCENT_COLOR_NAME = AccentColor;
				CODE_SIGN_STYLE = Automatic;
				CURRENT_PROJECT_VERSION = 1;
				DEVELOPMENT_ASSET_PATHS = "\"p2pr/Preview Content\"";
				ENABLE_PREVIEWS = YES;
				GENERATE_INFOPLIST_FILE = YES;
				INFOPLIST_KEY_UIApplicationSceneManifest_Generation = YES;
				INFOPLIST_KEY_UIApplicationSupportsIndirectInputEvents = YES;
				INFOPLIST_KEY_UILaunchScreen_Generation = YES;
				INFOPLIST_KEY_UISupportedInterfaceOrientations_iPad = "UIInterfaceOrientationPortrait UIInterfaceOrientationPortraitUpsideDown UIInterfaceOrientationLandscapeLeft UIInterfaceOrientationLandscapeRight";
				INFOPLIST_KEY_UISupportedInterfaceOrientations_iPhone = "UIInterfaceOrientationPortrait UIInterfaceOrientationLandscapeLeft UIInterfaceOrientationLandscapeRight";
				LD_RUNPATH_SEARCH_PATHS = (
					"$(inherited)",
					"@executable_path/Frameworks",
				);
				MARKETING_VERSION = 1.0;
				PRODUCT_BUNDLE_IDENTIFIER = com.placetopay.p2pr;
				PRODUCT_NAME = "$(TARGET_NAME)";
				SWIFT_EMIT_LOC_STRINGS = YES;
				SWIFT_VERSION = 5.0;
				TARGETED_DEVICE_FAMILY = "1,2";
			};
			name = Debug;
		};
		F55174822AC6299F00086601 /* Release */ = {
			isa = XCBuildConfiguration;
			buildSettings = {
				ASSETCATALOG_COMPILER_APPICON_NAME = AppIcon;
				ASSETCATALOG_COMPILER_GLOBAL_ACCENT_COLOR_NAME = AccentColor;
				CODE_SIGN_STYLE = Automatic;
				CURRENT_PROJECT_VERSION = 1;
				DEVELOPMENT_ASSET_PATHS = "\"p2pr/Preview Content\"";
				ENABLE_PREVIEWS = YES;
				GENERATE_INFOPLIST_FILE = YES;
				INFOPLIST_KEY_UIApplicationSceneManifest_Generation = YES;
				INFOPLIST_KEY_UIApplicationSupportsIndirectInputEvents = YES;
				INFOPLIST_KEY_UILaunchScreen_Generation = YES;
				INFOPLIST_KEY_UISupportedInterfaceOrientations_iPad = "UIInterfaceOrientationPortrait UIInterfaceOrientationPortraitUpsideDown UIInterfaceOrientationLandscapeLeft UIInterfaceOrientationLandscapeRight";
				INFOPLIST_KEY_UISupportedInterfaceOrientations_iPhone = "UIInterfaceOrientationPortrait UIInterfaceOrientationLandscapeLeft UIInterfaceOrientationLandscapeRight";
				LD_RUNPATH_SEARCH_PATHS = (
					"$(inherited)",
					"@executable_path/Frameworks",
				);
				MARKETING_VERSION = 1.0;
				PRODUCT_BUNDLE_IDENTIFIER = com.placetopay.p2pr;
				PRODUCT_NAME = "$(TARGET_NAME)";
				SWIFT_EMIT_LOC_STRINGS = YES;
				SWIFT_VERSION = 5.0;
				TARGETED_DEVICE_FAMILY = "1,2";
			};
			name = Release;
		};
		F55174842AC6299F00086601 /* Debug */ = {
			isa = XCBuildConfiguration;
			buildSettings = {
				ALWAYS_EMBED_SWIFT_STANDARD_LIBRARIES = YES;
				BUNDLE_LOADER = "$(TEST_HOST)";
				CODE_SIGN_STYLE = Automatic;
				CURRENT_PROJECT_VERSION = 1;
				GENERATE_INFOPLIST_FILE = YES;
				IPHONEOS_DEPLOYMENT_TARGET = 17.0;
				MARKETING_VERSION = 1.0;
				PRODUCT_BUNDLE_IDENTIFIER = com.placetopay.p2prTests;
				PRODUCT_NAME = "$(TARGET_NAME)";
				SWIFT_EMIT_LOC_STRINGS = NO;
				SWIFT_VERSION = 5.0;
				TARGETED_DEVICE_FAMILY = "1,2";
				TEST_HOST = "$(BUILT_PRODUCTS_DIR)/p2pr.app/$(BUNDLE_EXECUTABLE_FOLDER_PATH)/p2pr";
			};
			name = Debug;
		};
		F55174852AC6299F00086601 /* Release */ = {
			isa = XCBuildConfiguration;
			buildSettings = {
				ALWAYS_EMBED_SWIFT_STANDARD_LIBRARIES = YES;
				BUNDLE_LOADER = "$(TEST_HOST)";
				CODE_SIGN_STYLE = Automatic;
				CURRENT_PROJECT_VERSION = 1;
				GENERATE_INFOPLIST_FILE = YES;
				IPHONEOS_DEPLOYMENT_TARGET = 17.0;
				MARKETING_VERSION = 1.0;
				PRODUCT_BUNDLE_IDENTIFIER = com.placetopay.p2prTests;
				PRODUCT_NAME = "$(TARGET_NAME)";
				SWIFT_EMIT_LOC_STRINGS = NO;
				SWIFT_VERSION = 5.0;
				TARGETED_DEVICE_FAMILY = "1,2";
				TEST_HOST = "$(BUILT_PRODUCTS_DIR)/p2pr.app/$(BUNDLE_EXECUTABLE_FOLDER_PATH)/p2pr";
			};
			name = Release;
		};
		F55174872AC6299F00086601 /* Debug */ = {
			isa = XCBuildConfiguration;
			buildSettings = {
				ALWAYS_EMBED_SWIFT_STANDARD_LIBRARIES = YES;
				CODE_SIGN_STYLE = Automatic;
				CURRENT_PROJECT_VERSION = 1;
				GENERATE_INFOPLIST_FILE = YES;
				MARKETING_VERSION = 1.0;
				PRODUCT_BUNDLE_IDENTIFIER = com.placetopay.p2prUITests;
				PRODUCT_NAME = "$(TARGET_NAME)";
				SWIFT_EMIT_LOC_STRINGS = NO;
				SWIFT_VERSION = 5.0;
				TARGETED_DEVICE_FAMILY = "1,2";
				TEST_TARGET_NAME = p2pr;
			};
			name = Debug;
		};
		F55174882AC6299F00086601 /* Release */ = {
			isa = XCBuildConfiguration;
			buildSettings = {
				ALWAYS_EMBED_SWIFT_STANDARD_LIBRARIES = YES;
				CODE_SIGN_STYLE = Automatic;
				CURRENT_PROJECT_VERSION = 1;
				GENERATE_INFOPLIST_FILE = YES;
				MARKETING_VERSION = 1.0;
				PRODUCT_BUNDLE_IDENTIFIER = com.placetopay.p2prUITests;
				PRODUCT_NAME = "$(TARGET_NAME)";
				SWIFT_EMIT_LOC_STRINGS = NO;
				SWIFT_VERSION = 5.0;
				TARGETED_DEVICE_FAMILY = "1,2";
				TEST_TARGET_NAME = p2pr;
			};
			name = Release;
		};
/* End XCBuildConfiguration section */

/* Begin XCConfigurationList section */
		F55174552AC6299D00086601 /* Build configuration list for PBXProject "p2pr" */ = {
			isa = XCConfigurationList;
			buildConfigurations = (
				F551747E2AC6299F00086601 /* Debug */,
				F551747F2AC6299F00086601 /* Release */,
			);
			defaultConfigurationIsVisible = 0;
			defaultConfigurationName = Release;
		};
		F55174802AC6299F00086601 /* Build configuration list for PBXNativeTarget "p2pr" */ = {
			isa = XCConfigurationList;
			buildConfigurations = (
				F55174812AC6299F00086601 /* Debug */,
				F55174822AC6299F00086601 /* Release */,
			);
			defaultConfigurationIsVisible = 0;
			defaultConfigurationName = Release;
		};
		F55174832AC6299F00086601 /* Build configuration list for PBXNativeTarget "p2prTests" */ = {
			isa = XCConfigurationList;
			buildConfigurations = (
				F55174842AC6299F00086601 /* Debug */,
				F55174852AC6299F00086601 /* Release */,
			);
			defaultConfigurationIsVisible = 0;
			defaultConfigurationName = Release;
		};
		F55174862AC6299F00086601 /* Build configuration list for PBXNativeTarget "p2prUITests" */ = {
			isa = XCConfigurationList;
			buildConfigurations = (
				F55174872AC6299F00086601 /* Debug */,
				F55174882AC6299F00086601 /* Release */,
			);
			defaultConfigurationIsVisible = 0;
			defaultConfigurationName = Release;
		};
/* End XCConfigurationList section */
	};
	rootObject = F55174522AC6299D00086601 /* Project object */;
}
